
Microsoft Visual Studio Solution File, Format Version 12.00
# Visual Studio Version 16
VisualStudioVersion = 16.0.29519.181
MinimumVisualStudioVersion = 10.0.40219.1
Project("{FAE04EC0-301F-11D3-BF4B-00C04F79EFBC}") = "CardioLibrary", "CardioLibrary\CardioLibrary.csproj", "{A6247DA3-CDC5-434F-9AF7-D1C1D05B7A8A}"
EndProject
Project("{FAE04EC0-301F-11D3-BF4B-00C04F79EFBC}") = "DataCardio_Test", "DataCardio_Test\DataCardio_Test.csproj", "{F29F2B40-89CC-4FCE-8E99-AEA5DF831AE7}"
EndProject
Global
	GlobalSection(SolutionConfigurationPlatforms) = preSolution
		Debug|Any CPU = Debug|Any CPU
		Release|Any CPU = Release|Any CPU
	EndGlobalSection
	GlobalSection(ProjectConfigurationPlatforms) = postSolution
		{A6247DA3-CDC5-434F-9AF7-D1C1D05B7A8A}.Debug|Any CPU.ActiveCfg = Debug|Any CPU
		{A6247DA3-CDC5-434F-9AF7-D1C1D05B7A8A}.Debug|Any CPU.Build.0 = Debug|Any CPU
		{A6247DA3-CDC5-434F-9AF7-D1C1D05B7A8A}.Release|Any CPU.ActiveCfg = Release|Any CPU
		{A6247DA3-CDC5-434F-9AF7-D1C1D05B7A8A}.Release|Any CPU.Build.0 = Release|Any CPU
		{F29F2B40-89CC-4FCE-8E99-AEA5DF831AE7}.Debug|Any CPU.ActiveCfg = Debug|Any CPU
		{F29F2B40-89CC-4FCE-8E99-AEA5DF831AE7}.Debug|Any CPU.Build.0 = Debug|Any CPU
		{F29F2B40-89CC-4FCE-8E99-AEA5DF831AE7}.Release|Any CPU.ActiveCfg = Release|Any CPU
		{F29F2B40-89CC-4FCE-8E99-AEA5DF831AE7}.Release|Any CPU.Build.0 = Release|Any CPU
	EndGlobalSection
	GlobalSection(SolutionProperties) = preSolution
		HideSolutionNode = FALSE
	EndGlobalSection
	GlobalSection(ExtensibilityGlobals) = postSolution
		SolutionGuid = {DCA1167F-F1B2-409A-821A-BC8DCDEF2643}
	EndGlobalSection
EndGlobal
